
Microsoft Visual Studio Solution File, Format Version 12.00
# Visual Studio Version 16
VisualStudioVersion = 16.0.31019.35
MinimumVisualStudioVersion = 10.0.40219.1
Project("{2150E333-8FDC-42A3-9474-1A3956D46DE8}") = "Solution Items", "Solution Items", "{89BEB207-48C5-42F0-83CE-597EEC7FB851}"
	ProjectSection(SolutionItems) = preProject
		LICENSE.txt = LICENSE.txt
		README.md = README.md
	EndProjectSection
EndProject
Project("{FAE04EC0-301F-11D3-BF4B-00C04F79EFBC}") = "Admin", "Admin\Admin.csproj", "{ACE484E8-EFF9-4CA3-AB49-71F7C1353DF7}"
EndProject
Project("{FAE04EC0-301F-11D3-BF4B-00C04F79EFBC}") = "WebServer", "WebServer\WebServer.csproj", "{716A6430-8137-457E-B177-CDACEDAAC312}"
EndProject
Global
	GlobalSection(SolutionConfigurationPlatforms) = preSolution
		Debug|Any CPU = Debug|Any CPU
		Release|Any CPU = Release|Any CPU
	EndGlobalSection
	GlobalSection(ProjectConfigurationPlatforms) = postSolution
		{ACE484E8-EFF9-4CA3-AB49-71F7C1353DF7}.Debug|Any CPU.ActiveCfg = Debug|Any CPU
		{ACE484E8-EFF9-4CA3-AB49-71F7C1353DF7}.Debug|Any CPU.Build.0 = Debug|Any CPU
		{ACE484E8-EFF9-4CA3-AB49-71F7C1353DF7}.Release|Any CPU.ActiveCfg = Release|Any CPU
		{ACE484E8-EFF9-4CA3-AB49-71F7C1353DF7}.Release|Any CPU.Build.0 = Release|Any CPU
		{716A6430-8137-457E-B177-CDACEDAAC312}.Debug|Any CPU.ActiveCfg = Debug|Any CPU
		{716A6430-8137-457E-B177-CDACEDAAC312}.Debug|Any CPU.Build.0 = Debug|Any CPU
		{716A6430-8137-457E-B177-CDACEDAAC312}.Release|Any CPU.ActiveCfg = Release|Any CPU
		{716A6430-8137-457E-B177-CDACEDAAC312}.Release|Any CPU.Build.0 = Release|Any CPU
	EndGlobalSection
	GlobalSection(SolutionProperties) = preSolution
		HideSolutionNode = FALSE
	EndGlobalSection
	GlobalSection(ExtensibilityGlobals) = postSolution
		SolutionGuid = {534FC41D-8B42-4B9D-BA2E-A857B396BBFE}
	EndGlobalSection
EndGlobal
